
Microsoft Visual Studio Solution File, Format Version 12.00
# Visual Studio Version 16
VisualStudioVersion = 16.0.34031.81
MinimumVisualStudioVersion = 10.0.40219.1
Project("{2150E333-8FDC-42A3-9474-1A3956D46DE8}") = "Task0", "Task0", "{027C17A6-524D-4072-8674-5CB362FF95F0}"
EndProject
Project("{FAE04EC0-301F-11D3-BF4B-00C04F79EFBC}") = "Tyuiu.SavitskyDA.Sprint3.Task0.V28", "Tyuiu.SavitskyDA.Sprint3.Task0.V28\Tyuiu.SavitskyDA.Sprint3.Task0.V28.csproj", "{F683A462-1ED1-4B08-9341-A84CC75457BF}"
EndProject
Project("{FAE04EC0-301F-11D3-BF4B-00C04F79EFBC}") = "Tyuiu.SavitskyDA.Sprint3.Task0.V28.Lib", "Tyuiu.SavitskyDA.Sprint3.Task0.V28.Lib\Tyuiu.SavitskyDA.Sprint3.Task0.V28.Lib.csproj", "{92F95AF2-5BC4-42CD-8170-DCCDA1128D1D}"
EndProject
Project("{FAE04EC0-301F-11D3-BF4B-00C04F79EFBC}") = "Tyuiu.SavitskyDA.Sprint3.Task0.V28.Test", "Tyuiu.SavitskyDA.Sprint3.Task0.V28.Test\Tyuiu.SavitskyDA.Sprint3.Task0.V28.Test.csproj", "{EDBB103F-8E6C-4D2A-9590-5A8B738E710B}"
EndProject
Project("{2150E333-8FDC-42A3-9474-1A3956D46DE8}") = "Task1", "Task1", "{0A90B10A-00D8-4FE2-B071-E6726CFCC5A7}"
EndProject
Project("{FAE04EC0-301F-11D3-BF4B-00C04F79EFBC}") = "Tyuiu.SavitskyDA.Sprint3.Task1.V26", "Tyuiu.SavitskyDA.Sprint3.Task1.V26\Tyuiu.SavitskyDA.Sprint3.Task1.V26.csproj", "{8317D28B-391A-4E39-BD1D-C10E84ED985B}"
EndProject
Project("{FAE04EC0-301F-11D3-BF4B-00C04F79EFBC}") = "Tyuiu.SavitskyDA.Sprint3.Task1.V26.Lib", "Tyuiu.SavitskyDA.Sprint3.Task1.V26.Lib\Tyuiu.SavitskyDA.Sprint3.Task1.V26.Lib.csproj", "{A0846602-9750-4EEF-B4BF-08163B2E3F2A}"
EndProject
Project("{FAE04EC0-301F-11D3-BF4B-00C04F79EFBC}") = "Tyuiu.SavitskyDA.Sprint3.Task1.V26.Test", "Tyuiu.SavitskyDA.Sprint3.Task1.V26.Test\Tyuiu.SavitskyDA.Sprint3.Task1.V26.Test.csproj", "{E6FC0ABB-B783-4358-9D07-9BF455D7B61C}"
EndProject
Project("{2150E333-8FDC-42A3-9474-1A3956D46DE8}") = "Task2", "Task2", "{40B501BC-B746-4091-B212-1CBC2336EF1B}"
EndProject
Project("{FAE04EC0-301F-11D3-BF4B-00C04F79EFBC}") = "Tyuiu.SavitskyDA.Sprint3.Task2.V2", "Tyuiu.SavitskyDA.Sprint3.Task2.V2\Tyuiu.SavitskyDA.Sprint3.Task2.V2.csproj", "{5CEEF71E-9BF5-4EC1-8F27-58CE0B9115C9}"
EndProject
Project("{FAE04EC0-301F-11D3-BF4B-00C04F79EFBC}") = "Tyuiu.SavitskyDA.Sprint3.Task2.V2.Lib", "Tyuiu.SavitskyDA.Sprint3.Task2.V2.Lib\Tyuiu.SavitskyDA.Sprint3.Task2.V2.Lib.csproj", "{FA11CA66-6681-447C-B39B-35367A2845C9}"
EndProject
Project("{FAE04EC0-301F-11D3-BF4B-00C04F79EFBC}") = "Tyuiu.SavitskyDA.Sprint3.Task2.V2.Test", "Tyuiu.SavitskyDA.Sprint3.Task2.V2.Test\Tyuiu.SavitskyDA.Sprint3.Task2.V2.Test.csproj", "{F67309FD-D1AC-4D24-AC6A-E11C4FD71E85}"
EndProject
Project("{2150E333-8FDC-42A3-9474-1A3956D46DE8}") = "Task3", "Task3", "{3BAB8CDB-87A7-49E2-99E2-75C9E6487BE0}"
EndProject
Project("{FAE04EC0-301F-11D3-BF4B-00C04F79EFBC}") = "Tyuiu.SavitskyDA.Sprint3.Task3.V19", "Tyuiu.SavitskyDA.Sprint3.Task3.V19\Tyuiu.SavitskyDA.Sprint3.Task3.V19.csproj", "{B92C523B-076A-4430-83DF-495EDFC0873D}"
EndProject
Project("{FAE04EC0-301F-11D3-BF4B-00C04F79EFBC}") = "Tyuiu.SavitskyDA.Sprint3.Task3.V19.Lib", "Tyuiu.SavitskyDA.Sprint3.Task3.V19.Lib\Tyuiu.SavitskyDA.Sprint3.Task3.V19.Lib.csproj", "{0A2BCC61-9F7D-4FD6-81A5-E5EE00AA8F77}"
EndProject
Project("{FAE04EC0-301F-11D3-BF4B-00C04F79EFBC}") = "Tyuiu.SavitskyDA.Sprint3.Task3.V19.Test", "Tyuiu.SavitskyDA.Sprint3.Task3.V19.Test\Tyuiu.SavitskyDA.Sprint3.Task3.V19.Test.csproj", "{C8E214BC-FD0B-4317-A8CB-450A51C173D0}"
EndProject
Project("{2150E333-8FDC-42A3-9474-1A3956D46DE8}") = "Task4", "Task4", "{D49E9390-8478-41C3-884A-0D28C034ACDA}"
EndProject
Project("{FAE04EC0-301F-11D3-BF4B-00C04F79EFBC}") = "Tyuiu.SavitskyDA.Sprint3.Task4.V26", "Tyuiu.SavitskyDA.Sprint3.Task4.V26\Tyuiu.SavitskyDA.Sprint3.Task4.V26.csproj", "{E04748EE-F7F4-4AE7-AE04-E4770D4EF841}"
EndProject
Project("{FAE04EC0-301F-11D3-BF4B-00C04F79EFBC}") = "Tyuiu.SavitskyDA.Sprint3.Task4.V26.Lib", "Tyuiu.SavitskyDA.Sprint3.Task4.V26.Lib\Tyuiu.SavitskyDA.Sprint3.Task4.V26.Lib.csproj", "{A4031993-A32A-4112-8896-30621DC319B2}"
EndProject
Project("{FAE04EC0-301F-11D3-BF4B-00C04F79EFBC}") = "Tyuiu.SavitskyDA.Sprint3.Task4.V26.Test", "Tyuiu.SavitskyDA.Sprint3.Task4.V26.Test\Tyuiu.SavitskyDA.Sprint3.Task4.V26.Test.csproj", "{BA9A1D39-D677-4F19-82CF-5BAAFD4D7FA5}"
EndProject
Project("{2150E333-8FDC-42A3-9474-1A3956D46DE8}") = "Task5", "Task5", "{54DBED73-BAF6-4999-B57A-9D33A4BCF832}"
EndProject
Project("{FAE04EC0-301F-11D3-BF4B-00C04F79EFBC}") = "Tyuiu.SavitskyDA.Sprint3.Task5.V3", "Tyuiu.SavitskyDA.Sprint3.Task5.V3\Tyuiu.SavitskyDA.Sprint3.Task5.V3.csproj", "{32D6FA1F-787A-4620-B412-77EDAB253FF6}"
EndProject
Project("{FAE04EC0-301F-11D3-BF4B-00C04F79EFBC}") = "Tyuiu.SavitskyDA.Sprint3.Task5.V3.Lib", "Tyuiu.SavitskyDA.Sprint3.Task5.V3.Lib\Tyuiu.SavitskyDA.Sprint3.Task5.V3.Lib.csproj", "{243B62D9-11D3-4CDC-A575-2AD7DB69E53B}"
EndProject
Project("{FAE04EC0-301F-11D3-BF4B-00C04F79EFBC}") = "Tyuiu.SavitskyDA.Sprint3.Task5.V3.Test", "Tyuiu.SavitskyDA.Sprint3.Task5.V3.Test\Tyuiu.SavitskyDA.Sprint3.Task5.V3.Test.csproj", "{345A0362-17F1-4E66-B8C8-3636A49650A6}"
EndProject
Global
	GlobalSection(SolutionConfigurationPlatforms) = preSolution
		Debug|Any CPU = Debug|Any CPU
		Release|Any CPU = Release|Any CPU
	EndGlobalSection
	GlobalSection(ProjectConfigurationPlatforms) = postSolution
		{F683A462-1ED1-4B08-9341-A84CC75457BF}.Debug|Any CPU.ActiveCfg = Debug|Any CPU
		{F683A462-1ED1-4B08-9341-A84CC75457BF}.Debug|Any CPU.Build.0 = Debug|Any CPU
		{F683A462-1ED1-4B08-9341-A84CC75457BF}.Release|Any CPU.ActiveCfg = Release|Any CPU
		{F683A462-1ED1-4B08-9341-A84CC75457BF}.Release|Any CPU.Build.0 = Release|Any CPU
		{92F95AF2-5BC4-42CD-8170-DCCDA1128D1D}.Debug|Any CPU.ActiveCfg = Debug|Any CPU
		{92F95AF2-5BC4-42CD-8170-DCCDA1128D1D}.Debug|Any CPU.Build.0 = Debug|Any CPU
		{92F95AF2-5BC4-42CD-8170-DCCDA1128D1D}.Release|Any CPU.ActiveCfg = Release|Any CPU
		{92F95AF2-5BC4-42CD-8170-DCCDA1128D1D}.Release|Any CPU.Build.0 = Release|Any CPU
		{EDBB103F-8E6C-4D2A-9590-5A8B738E710B}.Debug|Any CPU.ActiveCfg = Debug|Any CPU
		{EDBB103F-8E6C-4D2A-9590-5A8B738E710B}.Debug|Any CPU.Build.0 = Debug|Any CPU
		{EDBB103F-8E6C-4D2A-9590-5A8B738E710B}.Release|Any CPU.ActiveCfg = Release|Any CPU
		{EDBB103F-8E6C-4D2A-9590-5A8B738E710B}.Release|Any CPU.Build.0 = Release|Any CPU
		{8317D28B-391A-4E39-BD1D-C10E84ED985B}.Debug|Any CPU.ActiveCfg = Debug|Any CPU
		{8317D28B-391A-4E39-BD1D-C10E84ED985B}.Debug|Any CPU.Build.0 = Debug|Any CPU
		{8317D28B-391A-4E39-BD1D-C10E84ED985B}.Release|Any CPU.ActiveCfg = Release|Any CPU
		{8317D28B-391A-4E39-BD1D-C10E84ED985B}.Release|Any CPU.Build.0 = Release|Any CPU
		{A0846602-9750-4EEF-B4BF-08163B2E3F2A}.Debug|Any CPU.ActiveCfg = Debug|Any CPU
		{A0846602-9750-4EEF-B4BF-08163B2E3F2A}.Debug|Any CPU.Build.0 = Debug|Any CPU
		{A0846602-9750-4EEF-B4BF-08163B2E3F2A}.Release|Any CPU.ActiveCfg = Release|Any CPU
		{A0846602-9750-4EEF-B4BF-08163B2E3F2A}.Release|Any CPU.Build.0 = Release|Any CPU
		{E6FC0ABB-B783-4358-9D07-9BF455D7B61C}.Debug|Any CPU.ActiveCfg = Debug|Any CPU
		{E6FC0ABB-B783-4358-9D07-9BF455D7B61C}.Debug|Any CPU.Build.0 = Debug|Any CPU
		{E6FC0ABB-B783-4358-9D07-9BF455D7B61C}.Release|Any CPU.ActiveCfg = Release|Any CPU
		{E6FC0ABB-B783-4358-9D07-9BF455D7B61C}.Release|Any CPU.Build.0 = Release|Any CPU
		{5CEEF71E-9BF5-4EC1-8F27-58CE0B9115C9}.Debug|Any CPU.ActiveCfg = Debug|Any CPU
		{5CEEF71E-9BF5-4EC1-8F27-58CE0B9115C9}.Debug|Any CPU.Build.0 = Debug|Any CPU
		{5CEEF71E-9BF5-4EC1-8F27-58CE0B9115C9}.Release|Any CPU.ActiveCfg = Release|Any CPU
		{5CEEF71E-9BF5-4EC1-8F27-58CE0B9115C9}.Release|Any CPU.Build.0 = Release|Any CPU
		{FA11CA66-6681-447C-B39B-35367A2845C9}.Debug|Any CPU.ActiveCfg = Debug|Any CPU
		{FA11CA66-6681-447C-B39B-35367A2845C9}.Debug|Any CPU.Build.0 = Debug|Any CPU
		{FA11CA66-6681-447C-B39B-35367A2845C9}.Release|Any CPU.ActiveCfg = Release|Any CPU
		{FA11CA66-6681-447C-B39B-35367A2845C9}.Release|Any CPU.Build.0 = Release|Any CPU
		{F67309FD-D1AC-4D24-AC6A-E11C4FD71E85}.Debug|Any CPU.ActiveCfg = Debug|Any CPU
		{F67309FD-D1AC-4D24-AC6A-E11C4FD71E85}.Debug|Any CPU.Build.0 = Debug|Any CPU
		{F67309FD-D1AC-4D24-AC6A-E11C4FD71E85}.Release|Any CPU.ActiveCfg = Release|Any CPU
		{F67309FD-D1AC-4D24-AC6A-E11C4FD71E85}.Release|Any CPU.Build.0 = Release|Any CPU
		{B92C523B-076A-4430-83DF-495EDFC0873D}.Debug|Any CPU.ActiveCfg = Debug|Any CPU
		{B92C523B-076A-4430-83DF-495EDFC0873D}.Debug|Any CPU.Build.0 = Debug|Any CPU
		{B92C523B-076A-4430-83DF-495EDFC0873D}.Release|Any CPU.ActiveCfg = Release|Any CPU
		{B92C523B-076A-4430-83DF-495EDFC0873D}.Release|Any CPU.Build.0 = Release|Any CPU
		{0A2BCC61-9F7D-4FD6-81A5-E5EE00AA8F77}.Debug|Any CPU.ActiveCfg = Debug|Any CPU
		{0A2BCC61-9F7D-4FD6-81A5-E5EE00AA8F77}.Debug|Any CPU.Build.0 = Debug|Any CPU
		{0A2BCC61-9F7D-4FD6-81A5-E5EE00AA8F77}.Release|Any CPU.ActiveCfg = Release|Any CPU
		{0A2BCC61-9F7D-4FD6-81A5-E5EE00AA8F77}.Release|Any CPU.Build.0 = Release|Any CPU
		{C8E214BC-FD0B-4317-A8CB-450A51C173D0}.Debug|Any CPU.ActiveCfg = Debug|Any CPU
		{C8E214BC-FD0B-4317-A8CB-450A51C173D0}.Debug|Any CPU.Build.0 = Debug|Any CPU
		{C8E214BC-FD0B-4317-A8CB-450A51C173D0}.Release|Any CPU.ActiveCfg = Release|Any CPU
		{C8E214BC-FD0B-4317-A8CB-450A51C173D0}.Release|Any CPU.Build.0 = Release|Any CPU
		{E04748EE-F7F4-4AE7-AE04-E4770D4EF841}.Debug|Any CPU.ActiveCfg = Debug|Any CPU
		{E04748EE-F7F4-4AE7-AE04-E4770D4EF841}.Debug|Any CPU.Build.0 = Debug|Any CPU
		{E04748EE-F7F4-4AE7-AE04-E4770D4EF841}.Release|Any CPU.ActiveCfg = Release|Any CPU
		{E04748EE-F7F4-4AE7-AE04-E4770D4EF841}.Release|Any CPU.Build.0 = Release|Any CPU
		{A4031993-A32A-4112-8896-30621DC319B2}.Debug|Any CPU.ActiveCfg = Debug|Any CPU
		{A4031993-A32A-4112-8896-30621DC319B2}.Debug|Any CPU.Build.0 = Debug|Any CPU
		{A4031993-A32A-4112-8896-30621DC319B2}.Release|Any CPU.ActiveCfg = Release|Any CPU
		{A4031993-A32A-4112-8896-30621DC319B2}.Release|Any CPU.Build.0 = Release|Any CPU
		{BA9A1D39-D677-4F19-82CF-5BAAFD4D7FA5}.Debug|Any CPU.ActiveCfg = Debug|Any CPU
		{BA9A1D39-D677-4F19-82CF-5BAAFD4D7FA5}.Debug|Any CPU.Build.0 = Debug|Any CPU
		{BA9A1D39-D677-4F19-82CF-5BAAFD4D7FA5}.Release|Any CPU.ActiveCfg = Release|Any CPU
		{BA9A1D39-D677-4F19-82CF-5BAAFD4D7FA5}.Release|Any CPU.Build.0 = Release|Any CPU
		{32D6FA1F-787A-4620-B412-77EDAB253FF6}.Debug|Any CPU.ActiveCfg = Debug|Any CPU
		{32D6FA1F-787A-4620-B412-77EDAB253FF6}.Debug|Any CPU.Build.0 = Debug|Any CPU
		{32D6FA1F-787A-4620-B412-77EDAB253FF6}.Release|Any CPU.ActiveCfg = Release|Any CPU
		{32D6FA1F-787A-4620-B412-77EDAB253FF6}.Release|Any CPU.Build.0 = Release|Any CPU
		{243B62D9-11D3-4CDC-A575-2AD7DB69E53B}.Debug|Any CPU.ActiveCfg = Debug|Any CPU
		{243B62D9-11D3-4CDC-A575-2AD7DB69E53B}.Debug|Any CPU.Build.0 = Debug|Any CPU
		{243B62D9-11D3-4CDC-A575-2AD7DB69E53B}.Release|Any CPU.ActiveCfg = Release|Any CPU
		{243B62D9-11D3-4CDC-A575-2AD7DB69E53B}.Release|Any CPU.Build.0 = Release|Any CPU
		{345A0362-17F1-4E66-B8C8-3636A49650A6}.Debug|Any CPU.ActiveCfg = Debug|Any CPU
		{345A0362-17F1-4E66-B8C8-3636A49650A6}.Debug|Any CPU.Build.0 = Debug|Any CPU
		{345A0362-17F1-4E66-B8C8-3636A49650A6}.Release|Any CPU.ActiveCfg = Release|Any CPU
		{345A0362-17F1-4E66-B8C8-3636A49650A6}.Release|Any CPU.Build.0 = Release|Any CPU
	EndGlobalSection
	GlobalSection(SolutionProperties) = preSolution
		HideSolutionNode = FALSE
	EndGlobalSection
	GlobalSection(NestedProjects) = preSolution
		{F683A462-1ED1-4B08-9341-A84CC75457BF} = {027C17A6-524D-4072-8674-5CB362FF95F0}
		{92F95AF2-5BC4-42CD-8170-DCCDA1128D1D} = {027C17A6-524D-4072-8674-5CB362FF95F0}
		{EDBB103F-8E6C-4D2A-9590-5A8B738E710B} = {027C17A6-524D-4072-8674-5CB362FF95F0}
		{8317D28B-391A-4E39-BD1D-C10E84ED985B} = {0A90B10A-00D8-4FE2-B071-E6726CFCC5A7}
		{A0846602-9750-4EEF-B4BF-08163B2E3F2A} = {0A90B10A-00D8-4FE2-B071-E6726CFCC5A7}
		{E6FC0ABB-B783-4358-9D07-9BF455D7B61C} = {0A90B10A-00D8-4FE2-B071-E6726CFCC5A7}
		{5CEEF71E-9BF5-4EC1-8F27-58CE0B9115C9} = {40B501BC-B746-4091-B212-1CBC2336EF1B}
		{FA11CA66-6681-447C-B39B-35367A2845C9} = {40B501BC-B746-4091-B212-1CBC2336EF1B}
		{F67309FD-D1AC-4D24-AC6A-E11C4FD71E85} = {40B501BC-B746-4091-B212-1CBC2336EF1B}
		{B92C523B-076A-4430-83DF-495EDFC0873D} = {3BAB8CDB-87A7-49E2-99E2-75C9E6487BE0}
		{0A2BCC61-9F7D-4FD6-81A5-E5EE00AA8F77} = {3BAB8CDB-87A7-49E2-99E2-75C9E6487BE0}
		{C8E214BC-FD0B-4317-A8CB-450A51C173D0} = {3BAB8CDB-87A7-49E2-99E2-75C9E6487BE0}
		{E04748EE-F7F4-4AE7-AE04-E4770D4EF841} = {D49E9390-8478-41C3-884A-0D28C034ACDA}
		{A4031993-A32A-4112-8896-30621DC319B2} = {D49E9390-8478-41C3-884A-0D28C034ACDA}
		{BA9A1D39-D677-4F19-82CF-5BAAFD4D7FA5} = {D49E9390-8478-41C3-884A-0D28C034ACDA}
		{32D6FA1F-787A-4620-B412-77EDAB253FF6} = {54DBED73-BAF6-4999-B57A-9D33A4BCF832}
		{243B62D9-11D3-4CDC-A575-2AD7DB69E53B} = {54DBED73-BAF6-4999-B57A-9D33A4BCF832}
		{345A0362-17F1-4E66-B8C8-3636A49650A6} = {54DBED73-BAF6-4999-B57A-9D33A4BCF832}
	EndGlobalSection
	GlobalSection(ExtensibilityGlobals) = postSolution
		SolutionGuid = {58931395-B77F-4812-9606-CD9934A3D2E8}
	EndGlobalSection
EndGlobal
